// !$*UTF8*$!
{
	archiveVersion = 1;
	classes = {
	};
	objectVersion = 50;
	objects = {

/* Begin PBXBuildFile section */
		5F33E71F24ACCEC0004C0508 /* AppDelegate.swift in Sources */ = {isa = PBXBuildFile; fileRef = 5F33E71E24ACCEC0004C0508 /* AppDelegate.swift */; };
		5F33E72124ACCEC0004C0508 /* SceneDelegate.swift in Sources */ = {isa = PBXBuildFile; fileRef = 5F33E72024ACCEC0004C0508 /* SceneDelegate.swift */; };
		5F33E72324ACCEC0004C0508 /* EventsListViewController.swift in Sources */ = {isa = PBXBuildFile; fileRef = 5F33E72224ACCEC0004C0508 /* EventsListViewController.swift */; };
		5F33E72624ACCEC0004C0508 /* Main.storyboard in Resources */ = {isa = PBXBuildFile; fileRef = 5F33E72424ACCEC0004C0508 /* Main.storyboard */; };
		5F33E72824ACCEC3004C0508 /* Assets.xcassets in Resources */ = {isa = PBXBuildFile; fileRef = 5F33E72724ACCEC3004C0508 /* Assets.xcassets */; };
		5F33E72B24ACCEC3004C0508 /* LaunchScreen.storyboard in Resources */ = {isa = PBXBuildFile; fileRef = 5F33E72924ACCEC3004C0508 /* LaunchScreen.storyboard */; };
		5F33E73624ACCEC3004C0508 /* IBMChallengeTests.swift in Sources */ = {isa = PBXBuildFile; fileRef = 5F33E73524ACCEC3004C0508 /* IBMChallengeTests.swift */; };
		5F33E74A24ACED46004C0508 /* EventModel.swift in Sources */ = {isa = PBXBuildFile; fileRef = 5F33E74924ACED46004C0508 /* EventModel.swift */; };
		5F33E74C24ACEE11004C0508 /* EventsListViewModel.swift in Sources */ = {isa = PBXBuildFile; fileRef = 5F33E74B24ACEE11004C0508 /* EventsListViewModel.swift */; };
		5F33E74E24ACEEC4004C0508 /* HTTPManager.swift in Sources */ = {isa = PBXBuildFile; fileRef = 5F33E74D24ACEEC4004C0508 /* HTTPManager.swift */; };
		5F33E75124ACEF4C004C0508 /* EndPoints.swift in Sources */ = {isa = PBXBuildFile; fileRef = 5F33E75024ACEF4C004C0508 /* EndPoints.swift */; };
		5F33E75424ACF172004C0508 /* EventTableViewCell.swift in Sources */ = {isa = PBXBuildFile; fileRef = 5F33E75324ACF172004C0508 /* EventTableViewCell.swift */; };
		5F33E75724AD15F2004C0508 /* EventTableViewCellViewModel.swift in Sources */ = {isa = PBXBuildFile; fileRef = 5F33E75624AD15F2004C0508 /* EventTableViewCellViewModel.swift */; };
		5F33E75B24AD6A76004C0508 /* Utils.swift in Sources */ = {isa = PBXBuildFile; fileRef = 5F33E75A24AD6A76004C0508 /* Utils.swift */; };
		5F33E75D24AD6CFA004C0508 /* Double+Extension.swift in Sources */ = {isa = PBXBuildFile; fileRef = 5F33E75C24AD6CFA004C0508 /* Double+Extension.swift */; };
		5F33E75F24AD7D4D004C0508 /* EventDetailViewController.swift in Sources */ = {isa = PBXBuildFile; fileRef = 5F33E75E24AD7D4D004C0508 /* EventDetailViewController.swift */; };
/* End PBXBuildFile section */

/* Begin PBXContainerItemProxy section */
		5F33E73224ACCEC3004C0508 /* PBXContainerItemProxy */ = {
			isa = PBXContainerItemProxy;
			containerPortal = 5F33E71324ACCEC0004C0508 /* Project object */;
			proxyType = 1;
			remoteGlobalIDString = 5F33E71A24ACCEC0004C0508;
			remoteInfo = IBMChallenge;
		};
/* End PBXContainerItemProxy section */

/* Begin PBXFileReference section */
		5F33E71B24ACCEC0004C0508 /* IBMChallenge.app */ = {isa = PBXFileReference; explicitFileType = wrapper.application; includeInIndex = 0; path = IBMChallenge.app; sourceTree = BUILT_PRODUCTS_DIR; };
		5F33E71E24ACCEC0004C0508 /* AppDelegate.swift */ = {isa = PBXFileReference; lastKnownFileType = sourcecode.swift; path = AppDelegate.swift; sourceTree = "<group>"; };
		5F33E72024ACCEC0004C0508 /* SceneDelegate.swift */ = {isa = PBXFileReference; lastKnownFileType = sourcecode.swift; path = SceneDelegate.swift; sourceTree = "<group>"; };
		5F33E72224ACCEC0004C0508 /* EventsListViewController.swift */ = {isa = PBXFileReference; lastKnownFileType = sourcecode.swift; path = EventsListViewController.swift; sourceTree = "<group>"; };
		5F33E72524ACCEC0004C0508 /* Base */ = {isa = PBXFileReference; lastKnownFileType = file.storyboard; name = Base; path = Base.lproj/Main.storyboard; sourceTree = "<group>"; };
		5F33E72724ACCEC3004C0508 /* Assets.xcassets */ = {isa = PBXFileReference; lastKnownFileType = folder.assetcatalog; path = Assets.xcassets; sourceTree = "<group>"; };
		5F33E72A24ACCEC3004C0508 /* Base */ = {isa = PBXFileReference; lastKnownFileType = file.storyboard; name = Base; path = Base.lproj/LaunchScreen.storyboard; sourceTree = "<group>"; };
		5F33E72C24ACCEC3004C0508 /* Info.plist */ = {isa = PBXFileReference; lastKnownFileType = text.plist.xml; path = Info.plist; sourceTree = "<group>"; };
		5F33E73124ACCEC3004C0508 /* IBMChallengeTests.xctest */ = {isa = PBXFileReference; explicitFileType = wrapper.cfbundle; includeInIndex = 0; path = IBMChallengeTests.xctest; sourceTree = BUILT_PRODUCTS_DIR; };
		5F33E73524ACCEC3004C0508 /* IBMChallengeTests.swift */ = {isa = PBXFileReference; lastKnownFileType = sourcecode.swift; path = IBMChallengeTests.swift; sourceTree = "<group>"; };
		5F33E73724ACCEC3004C0508 /* Info.plist */ = {isa = PBXFileReference; lastKnownFileType = text.plist.xml; path = Info.plist; sourceTree = "<group>"; };
		5F33E74924ACED46004C0508 /* EventModel.swift */ = {isa = PBXFileReference; lastKnownFileType = sourcecode.swift; path = EventModel.swift; sourceTree = "<group>"; };
		5F33E74B24ACEE11004C0508 /* EventsListViewModel.swift */ = {isa = PBXFileReference; lastKnownFileType = sourcecode.swift; path = EventsListViewModel.swift; sourceTree = "<group>"; };
		5F33E74D24ACEEC4004C0508 /* HTTPManager.swift */ = {isa = PBXFileReference; lastKnownFileType = sourcecode.swift; path = HTTPManager.swift; sourceTree = "<group>"; };
		5F33E75024ACEF4C004C0508 /* EndPoints.swift */ = {isa = PBXFileReference; lastKnownFileType = sourcecode.swift; path = EndPoints.swift; sourceTree = "<group>"; };
		5F33E75324ACF172004C0508 /* EventTableViewCell.swift */ = {isa = PBXFileReference; lastKnownFileType = sourcecode.swift; path = EventTableViewCell.swift; sourceTree = "<group>"; };
		5F33E75624AD15F2004C0508 /* EventTableViewCellViewModel.swift */ = {isa = PBXFileReference; lastKnownFileType = sourcecode.swift; path = EventTableViewCellViewModel.swift; sourceTree = "<group>"; };
		5F33E75A24AD6A76004C0508 /* Utils.swift */ = {isa = PBXFileReference; lastKnownFileType = sourcecode.swift; path = Utils.swift; sourceTree = "<group>"; };
		5F33E75C24AD6CFA004C0508 /* Double+Extension.swift */ = {isa = PBXFileReference; lastKnownFileType = sourcecode.swift; path = "Double+Extension.swift"; sourceTree = "<group>"; };
		5F33E75E24AD7D4D004C0508 /* EventDetailViewController.swift */ = {isa = PBXFileReference; lastKnownFileType = sourcecode.swift; path = EventDetailViewController.swift; sourceTree = "<group>"; };
/* End PBXFileReference section */

/* Begin PBXFrameworksBuildPhase section */
		5F33E71824ACCEC0004C0508 /* Frameworks */ = {
			isa = PBXFrameworksBuildPhase;
			buildActionMask = 2147483647;
			files = (
			);
			runOnlyForDeploymentPostprocessing = 0;
		};
		5F33E72E24ACCEC3004C0508 /* Frameworks */ = {
			isa = PBXFrameworksBuildPhase;
			buildActionMask = 2147483647;
			files = (
			);
			runOnlyForDeploymentPostprocessing = 0;
		};
/* End PBXFrameworksBuildPhase section */

/* Begin PBXGroup section */
		5F33E71224ACCEC0004C0508 = {
			isa = PBXGroup;
			children = (
				5F33E71D24ACCEC0004C0508 /* IBMChallenge */,
				5F33E73424ACCEC3004C0508 /* IBMChallengeTests */,
				5F33E71C24ACCEC0004C0508 /* Products */,
			);
			sourceTree = "<group>";
		};
		5F33E71C24ACCEC0004C0508 /* Products */ = {
			isa = PBXGroup;
			children = (
				5F33E71B24ACCEC0004C0508 /* IBMChallenge.app */,
				5F33E73124ACCEC3004C0508 /* IBMChallengeTests.xctest */,
			);
			name = Products;
			sourceTree = "<group>";
		};
		5F33E71D24ACCEC0004C0508 /* IBMChallenge */ = {
			isa = PBXGroup;
			children = (
				5F33E74824ACD167004C0508 /* AppDelegate */,
				5F33E74224ACD0CB004C0508 /* Services */,
				5F33E74124ACD0BE004C0508 /* Resources */,
				5F33E75824AD6A14004C0508 /* Extensions */,
				5F33E75924AD6A61004C0508 /* Utils */,
				5F33E74424ACD0EA004C0508 /* Model */,
				5F33E74524ACD0F5004C0508 /* ViewModel */,
				5F33E74024ACD0AA004C0508 /* View */,
			);
			path = IBMChallenge;
			sourceTree = "<group>";
		};
		5F33E73424ACCEC3004C0508 /* IBMChallengeTests */ = {
			isa = PBXGroup;
			children = (
				5F33E73524ACCEC3004C0508 /* IBMChallengeTests.swift */,
				5F33E73724ACCEC3004C0508 /* Info.plist */,
			);
			path = IBMChallengeTests;
			sourceTree = "<group>";
		};
		5F33E74024ACD0AA004C0508 /* View */ = {
			isa = PBXGroup;
			children = (
				5F33E72224ACCEC0004C0508 /* EventsListViewController.swift */,
				5F33E75E24AD7D4D004C0508 /* EventDetailViewController.swift */,
				5F33E75224ACF15B004C0508 /* Cells */,
				5F33E74624ACD100004C0508 /* Layout */,
			);
			path = View;
			sourceTree = "<group>";
		};
		5F33E74124ACD0BE004C0508 /* Resources */ = {
			isa = PBXGroup;
			children = (
				5F33E72C24ACCEC3004C0508 /* Info.plist */,
				5F33E74724ACD113004C0508 /* Assets */,
			);
			path = Resources;
			sourceTree = "<group>";
		};
		5F33E74224ACD0CB004C0508 /* Services */ = {
			isa = PBXGroup;
			children = (
				5F33E74F24ACEF37004C0508 /* EndPoints */,
				5F33E74D24ACEEC4004C0508 /* HTTPManager.swift */,
			);
			path = Services;
			sourceTree = "<group>";
		};
		5F33E74424ACD0EA004C0508 /* Model */ = {
			isa = PBXGroup;
			children = (
				5F33E74924ACED46004C0508 /* EventModel.swift */,
			);
			path = Model;
			sourceTree = "<group>";
		};
		5F33E74524ACD0F5004C0508 /* ViewModel */ = {
			isa = PBXGroup;
			children = (
				5F33E75524AD15D4004C0508 /* Cells */,
				5F33E74B24ACEE11004C0508 /* EventsListViewModel.swift */,
			);
			path = ViewModel;
			sourceTree = "<group>";
		};
		5F33E74624ACD100004C0508 /* Layout */ = {
			isa = PBXGroup;
			children = (
				5F33E72424ACCEC0004C0508 /* Main.storyboard */,
				5F33E72924ACCEC3004C0508 /* LaunchScreen.storyboard */,
			);
			path = Layout;
			sourceTree = "<group>";
		};
		5F33E74724ACD113004C0508 /* Assets */ = {
			isa = PBXGroup;
			children = (
				5F33E72724ACCEC3004C0508 /* Assets.xcassets */,
			);
			path = Assets;
			sourceTree = "<group>";
		};
		5F33E74824ACD167004C0508 /* AppDelegate */ = {
			isa = PBXGroup;
			children = (
				5F33E71E24ACCEC0004C0508 /* AppDelegate.swift */,
				5F33E72024ACCEC0004C0508 /* SceneDelegate.swift */,
			);
			path = AppDelegate;
			sourceTree = "<group>";
		};
		5F33E74F24ACEF37004C0508 /* EndPoints */ = {
			isa = PBXGroup;
			children = (
				5F33E75024ACEF4C004C0508 /* EndPoints.swift */,
			);
			path = EndPoints;
			sourceTree = "<group>";
		};
		5F33E75224ACF15B004C0508 /* Cells */ = {
			isa = PBXGroup;
			children = (
				5F33E75324ACF172004C0508 /* EventTableViewCell.swift */,
			);
			path = Cells;
			sourceTree = "<group>";
		};
		5F33E75524AD15D4004C0508 /* Cells */ = {
			isa = PBXGroup;
			children = (
				5F33E75624AD15F2004C0508 /* EventTableViewCellViewModel.swift */,
			);
			path = Cells;
			sourceTree = "<group>";
		};
		5F33E75824AD6A14004C0508 /* Extensions */ = {
			isa = PBXGroup;
			children = (
				5F33E75C24AD6CFA004C0508 /* Double+Extension.swift */,
			);
			path = Extensions;
			sourceTree = "<group>";
		};
		5F33E75924AD6A61004C0508 /* Utils */ = {
			isa = PBXGroup;
			children = (
				5F33E75A24AD6A76004C0508 /* Utils.swift */,
			);
			path = Utils;
			sourceTree = "<group>";
		};
/* End PBXGroup section */

/* Begin PBXNativeTarget section */
		5F33E71A24ACCEC0004C0508 /* IBMChallenge */ = {
			isa = PBXNativeTarget;
			buildConfigurationList = 5F33E73A24ACCEC3004C0508 /* Build configuration list for PBXNativeTarget "IBMChallenge" */;
			buildPhases = (
				5F33E71724ACCEC0004C0508 /* Sources */,
				5F33E71824ACCEC0004C0508 /* Frameworks */,
				5F33E71924ACCEC0004C0508 /* Resources */,
			);
			buildRules = (
			);
			dependencies = (
			);
			name = IBMChallenge;
			productName = IBMChallenge;
			productReference = 5F33E71B24ACCEC0004C0508 /* IBMChallenge.app */;
			productType = "com.apple.product-type.application";
		};
		5F33E73024ACCEC3004C0508 /* IBMChallengeTests */ = {
			isa = PBXNativeTarget;
			buildConfigurationList = 5F33E73D24ACCEC3004C0508 /* Build configuration list for PBXNativeTarget "IBMChallengeTests" */;
			buildPhases = (
				5F33E72D24ACCEC3004C0508 /* Sources */,
				5F33E72E24ACCEC3004C0508 /* Frameworks */,
				5F33E72F24ACCEC3004C0508 /* Resources */,
			);
			buildRules = (
			);
			dependencies = (
				5F33E73324ACCEC3004C0508 /* PBXTargetDependency */,
			);
			name = IBMChallengeTests;
			productName = IBMChallengeTests;
			productReference = 5F33E73124ACCEC3004C0508 /* IBMChallengeTests.xctest */;
			productType = "com.apple.product-type.bundle.unit-test";
		};
/* End PBXNativeTarget section */

/* Begin PBXProject section */
		5F33E71324ACCEC0004C0508 /* Project object */ = {
			isa = PBXProject;
			attributes = {
				LastSwiftUpdateCheck = 1150;
				LastUpgradeCheck = 1150;
				ORGANIZATIONNAME = ruyther;
				TargetAttributes = {
					5F33E71A24ACCEC0004C0508 = {
						CreatedOnToolsVersion = 11.5;
					};
					5F33E73024ACCEC3004C0508 = {
						CreatedOnToolsVersion = 11.5;
						TestTargetID = 5F33E71A24ACCEC0004C0508;
					};
				};
			};
			buildConfigurationList = 5F33E71624ACCEC0004C0508 /* Build configuration list for PBXProject "IBMChallenge" */;
			compatibilityVersion = "Xcode 9.3";
			developmentRegion = en;
			hasScannedForEncodings = 0;
			knownRegions = (
				en,
				Base,
			);
			mainGroup = 5F33E71224ACCEC0004C0508;
			productRefGroup = 5F33E71C24ACCEC0004C0508 /* Products */;
			projectDirPath = "";
			projectRoot = "";
			targets = (
				5F33E71A24ACCEC0004C0508 /* IBMChallenge */,
				5F33E73024ACCEC3004C0508 /* IBMChallengeTests */,
			);
		};
/* End PBXProject section */

/* Begin PBXResourcesBuildPhase section */
		5F33E71924ACCEC0004C0508 /* Resources */ = {
			isa = PBXResourcesBuildPhase;
			buildActionMask = 2147483647;
			files = (
				5F33E72B24ACCEC3004C0508 /* LaunchScreen.storyboard in Resources */,
				5F33E72824ACCEC3004C0508 /* Assets.xcassets in Resources */,
				5F33E72624ACCEC0004C0508 /* Main.storyboard in Resources */,
			);
			runOnlyForDeploymentPostprocessing = 0;
		};
		5F33E72F24ACCEC3004C0508 /* Resources */ = {
			isa = PBXResourcesBuildPhase;
			buildActionMask = 2147483647;
			files = (
			);
			runOnlyForDeploymentPostprocessing = 0;
		};
/* End PBXResourcesBuildPhase section */

/* Begin PBXSourcesBuildPhase section */
		5F33E71724ACCEC0004C0508 /* Sources */ = {
			isa = PBXSourcesBuildPhase;
			buildActionMask = 2147483647;
			files = (
				5F33E75424ACF172004C0508 /* EventTableViewCell.swift in Sources */,
				5F33E72324ACCEC0004C0508 /* EventsListViewController.swift in Sources */,
				5F33E74E24ACEEC4004C0508 /* HTTPManager.swift in Sources */,
				5F33E75724AD15F2004C0508 /* EventTableViewCellViewModel.swift in Sources */,
				5F33E71F24ACCEC0004C0508 /* AppDelegate.swift in Sources */,
				5F33E75D24AD6CFA004C0508 /* Double+Extension.swift in Sources */,
				5F33E75F24AD7D4D004C0508 /* EventDetailViewController.swift in Sources */,
				5F33E75B24AD6A76004C0508 /* Utils.swift in Sources */,
				5F33E75124ACEF4C004C0508 /* EndPoints.swift in Sources */,
				5F33E74A24ACED46004C0508 /* EventModel.swift in Sources */,
				5F33E72124ACCEC0004C0508 /* SceneDelegate.swift in Sources */,
				5F33E74C24ACEE11004C0508 /* EventsListViewModel.swift in Sources */,
			);
			runOnlyForDeploymentPostprocessing = 0;
		};
		5F33E72D24ACCEC3004C0508 /* Sources */ = {
			isa = PBXSourcesBuildPhase;
			buildActionMask = 2147483647;
			files = (
				5F33E73624ACCEC3004C0508 /* IBMChallengeTests.swift in Sources */,
			);
			runOnlyForDeploymentPostprocessing = 0;
		};
/* End PBXSourcesBuildPhase section */

/* Begin PBXTargetDependency section */
		5F33E73324ACCEC3004C0508 /* PBXTargetDependency */ = {
			isa = PBXTargetDependency;
			target = 5F33E71A24ACCEC0004C0508 /* IBMChallenge */;
			targetProxy = 5F33E73224ACCEC3004C0508 /* PBXContainerItemProxy */;
		};
/* End PBXTargetDependency section */

/* Begin PBXVariantGroup section */
		5F33E72424ACCEC0004C0508 /* Main.storyboard */ = {
			isa = PBXVariantGroup;
			children = (
				5F33E72524ACCEC0004C0508 /* Base */,
			);
			name = Main.storyboard;
			sourceTree = "<group>";
		};
		5F33E72924ACCEC3004C0508 /* LaunchScreen.storyboard */ = {
			isa = PBXVariantGroup;
			children = (
				5F33E72A24ACCEC3004C0508 /* Base */,
			);
			name = LaunchScreen.storyboard;
			sourceTree = "<group>";
		};
/* End PBXVariantGroup section */

/* Begin XCBuildConfiguration section */
		5F33E73824ACCEC3004C0508 /* Debug */ = {
			isa = XCBuildConfiguration;
			buildSettings = {
				ALWAYS_SEARCH_USER_PATHS = NO;
				CLANG_ANALYZER_NONNULL = YES;
				CLANG_ANALYZER_NUMBER_OBJECT_CONVERSION = YES_AGGRESSIVE;
				CLANG_CXX_LANGUAGE_STANDARD = "gnu++14";
				CLANG_CXX_LIBRARY = "libc++";
				CLANG_ENABLE_MODULES = YES;
				CLANG_ENABLE_OBJC_ARC = YES;
				CLANG_ENABLE_OBJC_WEAK = YES;
				CLANG_WARN_BLOCK_CAPTURE_AUTORELEASING = YES;
				CLANG_WARN_BOOL_CONVERSION = YES;
				CLANG_WARN_COMMA = YES;
				CLANG_WARN_CONSTANT_CONVERSION = YES;
				CLANG_WARN_DEPRECATED_OBJC_IMPLEMENTATIONS = YES;
				CLANG_WARN_DIRECT_OBJC_ISA_USAGE = YES_ERROR;
				CLANG_WARN_DOCUMENTATION_COMMENTS = YES;
				CLANG_WARN_EMPTY_BODY = YES;
				CLANG_WARN_ENUM_CONVERSION = YES;
				CLANG_WARN_INFINITE_RECURSION = YES;
				CLANG_WARN_INT_CONVERSION = YES;
				CLANG_WARN_NON_LITERAL_NULL_CONVERSION = YES;
				CLANG_WARN_OBJC_IMPLICIT_RETAIN_SELF = YES;
				CLANG_WARN_OBJC_LITERAL_CONVERSION = YES;
				CLANG_WARN_OBJC_ROOT_CLASS = YES_ERROR;
				CLANG_WARN_RANGE_LOOP_ANALYSIS = YES;
				CLANG_WARN_STRICT_PROTOTYPES = YES;
				CLANG_WARN_SUSPICIOUS_MOVE = YES;
				CLANG_WARN_UNGUARDED_AVAILABILITY = YES_AGGRESSIVE;
				CLANG_WARN_UNREACHABLE_CODE = YES;
				CLANG_WARN__DUPLICATE_METHOD_MATCH = YES;
				COPY_PHASE_STRIP = NO;
				DEBUG_INFORMATION_FORMAT = dwarf;
				ENABLE_STRICT_OBJC_MSGSEND = YES;
				ENABLE_TESTABILITY = YES;
				GCC_C_LANGUAGE_STANDARD = gnu11;
				GCC_DYNAMIC_NO_PIC = NO;
				GCC_NO_COMMON_BLOCKS = YES;
				GCC_OPTIMIZATION_LEVEL = 0;
				GCC_PREPROCESSOR_DEFINITIONS = (
					"DEBUG=1",
					"$(inherited)",
				);
				GCC_WARN_64_TO_32_BIT_CONVERSION = YES;
				GCC_WARN_ABOUT_RETURN_TYPE = YES_ERROR;
				GCC_WARN_UNDECLARED_SELECTOR = YES;
				GCC_WARN_UNINITIALIZED_AUTOS = YES_AGGRESSIVE;
				GCC_WARN_UNUSED_FUNCTION = YES;
				GCC_WARN_UNUSED_VARIABLE = YES;
				IPHONEOS_DEPLOYMENT_TARGET = 13.5;
				MTL_ENABLE_DEBUG_INFO = INCLUDE_SOURCE;
				MTL_FAST_MATH = YES;
				ONLY_ACTIVE_ARCH = YES;
				SDKROOT = iphoneos;
				SWIFT_ACTIVE_COMPILATION_CONDITIONS = DEBUG;
				SWIFT_OPTIMIZATION_LEVEL = "-Onone";
			};
			name = Debug;
		};
		5F33E73924ACCEC3004C0508 /* Release */ = {
			isa = XCBuildConfiguration;
			buildSettings = {
				ALWAYS_SEARCH_USER_PATHS = NO;
				CLANG_ANALYZER_NONNULL = YES;
				CLANG_ANALYZER_NUMBER_OBJECT_CONVERSION = YES_AGGRESSIVE;
				CLANG_CXX_LANGUAGE_STANDARD = "gnu++14";
				CLANG_CXX_LIBRARY = "libc++";
				CLANG_ENABLE_MODULES = YES;
				CLANG_ENABLE_OBJC_ARC = YES;
				CLANG_ENABLE_OBJC_WEAK = YES;
				CLANG_WARN_BLOCK_CAPTURE_AUTORELEASING = YES;
				CLANG_WARN_BOOL_CONVERSION = YES;
				CLANG_WARN_COMMA = YES;
				CLANG_WARN_CONSTANT_CONVERSION = YES;
				CLANG_WARN_DEPRECATED_OBJC_IMPLEMENTATIONS = YES;
				CLANG_WARN_DIRECT_OBJC_ISA_USAGE = YES_ERROR;
				CLANG_WARN_DOCUMENTATION_COMMENTS = YES;
				CLANG_WARN_EMPTY_BODY = YES;
				CLANG_WARN_ENUM_CONVERSION = YES;
				CLANG_WARN_INFINITE_RECURSION = YES;
				CLANG_WARN_INT_CONVERSION = YES;
				CLANG_WARN_NON_LITERAL_NULL_CONVERSION = YES;
				CLANG_WARN_OBJC_IMPLICIT_RETAIN_SELF = YES;
				CLANG_WARN_OBJC_LITERAL_CONVERSION = YES;
				CLANG_WARN_OBJC_ROOT_CLASS = YES_ERROR;
				CLANG_WARN_RANGE_LOOP_ANALYSIS = YES;
				CLANG_WARN_STRICT_PROTOTYPES = YES;
				CLANG_WARN_SUSPICIOUS_MOVE = YES;
				CLANG_WARN_UNGUARDED_AVAILABILITY = YES_AGGRESSIVE;
				CLANG_WARN_UNREACHABLE_CODE = YES;
				CLANG_WARN__DUPLICATE_METHOD_MATCH = YES;
				COPY_PHASE_STRIP = NO;
				DEBUG_INFORMATION_FORMAT = "dwarf-with-dsym";
				ENABLE_NS_ASSERTIONS = NO;
				ENABLE_STRICT_OBJC_MSGSEND = YES;
				GCC_C_LANGUAGE_STANDARD = gnu11;
				GCC_NO_COMMON_BLOCKS = YES;
				GCC_WARN_64_TO_32_BIT_CONVERSION = YES;
				GCC_WARN_ABOUT_RETURN_TYPE = YES_ERROR;
				GCC_WARN_UNDECLARED_SELECTOR = YES;
				GCC_WARN_UNINITIALIZED_AUTOS = YES_AGGRESSIVE;
				GCC_WARN_UNUSED_FUNCTION = YES;
				GCC_WARN_UNUSED_VARIABLE = YES;
				IPHONEOS_DEPLOYMENT_TARGET = 13.5;
				MTL_ENABLE_DEBUG_INFO = NO;
				MTL_FAST_MATH = YES;
				SDKROOT = iphoneos;
				SWIFT_COMPILATION_MODE = wholemodule;
				SWIFT_OPTIMIZATION_LEVEL = "-O";
				VALIDATE_PRODUCT = YES;
			};
			name = Release;
		};
		5F33E73B24ACCEC3004C0508 /* Debug */ = {
			isa = XCBuildConfiguration;
			buildSettings = {
				ASSETCATALOG_COMPILER_APPICON_NAME = AppIcon;
				CODE_SIGN_IDENTITY = "Apple Development";
				CODE_SIGN_STYLE = Automatic;
				DEVELOPMENT_TEAM = CSD6NA874L;
				INFOPLIST_FILE = IBMChallenge/Resources/Info.plist;
				LD_RUNPATH_SEARCH_PATHS = (
					"$(inherited)",
					"@executable_path/Frameworks",
				);
				PRODUCT_BUNDLE_IDENTIFIER = br.com.ruyther.IBMChallenge;
				PRODUCT_NAME = "$(TARGET_NAME)";
				PROVISIONING_PROFILE_SPECIFIER = "";
				SWIFT_VERSION = 5.0;
				TARGETED_DEVICE_FAMILY = 1;
			};
			name = Debug;
		};
		5F33E73C24ACCEC3004C0508 /* Release */ = {
			isa = XCBuildConfiguration;
			buildSettings = {
				ASSETCATALOG_COMPILER_APPICON_NAME = AppIcon;
				CODE_SIGN_IDENTITY = "Apple Development";
				CODE_SIGN_STYLE = Automatic;
				DEVELOPMENT_TEAM = CSD6NA874L;
				INFOPLIST_FILE = IBMChallenge/Resources/Info.plist;
				LD_RUNPATH_SEARCH_PATHS = (
					"$(inherited)",
					"@executable_path/Frameworks",
				);
				PRODUCT_BUNDLE_IDENTIFIER = br.com.ruyther.IBMChallenge;
				PRODUCT_NAME = "$(TARGET_NAME)";
				PROVISIONING_PROFILE_SPECIFIER = "";
				SWIFT_VERSION = 5.0;
				TARGETED_DEVICE_FAMILY = 1;
			};
			name = Release;
		};
		5F33E73E24ACCEC3004C0508 /* Debug */ = {
			isa = XCBuildConfiguration;
			buildSettings = {
				ALWAYS_EMBED_SWIFT_STANDARD_LIBRARIES = YES;
				BUNDLE_LOADER = "$(TEST_HOST)";
				CODE_SIGN_STYLE = Automatic;
				DEVELOPMENT_TEAM = CSD6NA874L;
				INFOPLIST_FILE = IBMChallengeTests/Info.plist;
				IPHONEOS_DEPLOYMENT_TARGET = 13.5;
				LD_RUNPATH_SEARCH_PATHS = (
					"$(inherited)",
					"@executable_path/Frameworks",
					"@loader_path/Frameworks",
				);
				PRODUCT_BUNDLE_IDENTIFIER = br.com.ruyther.IBMChallengeTests;
				PRODUCT_NAME = "$(TARGET_NAME)";
				SWIFT_VERSION = 5.0;
				TARGETED_DEVICE_FAMILY = "1,2";
				TEST_HOST = "$(BUILT_PRODUCTS_DIR)/IBMChallenge.app/IBMChallenge";
			};
			name = Debug;
		};
		5F33E73F24ACCEC3004C0508 /* Release */ = {
			isa = XCBuildConfiguration;
			buildSettings = {
				ALWAYS_EMBED_SWIFT_STANDARD_LIBRARIES = YES;
				BUNDLE_LOADER = "$(TEST_HOST)";
				CODE_SIGN_STYLE = Automatic;
				DEVELOPMENT_TEAM = CSD6NA874L;
				INFOPLIST_FILE = IBMChallengeTests/Info.plist;
				IPHONEOS_DEPLOYMENT_TARGET = 13.5;
				LD_RUNPATH_SEARCH_PATHS = (
					"$(inherited)",
					"@executable_path/Frameworks",
					"@loader_path/Frameworks",
				);
				PRODUCT_BUNDLE_IDENTIFIER = br.com.ruyther.IBMChallengeTests;
				PRODUCT_NAME = "$(TARGET_NAME)";
				SWIFT_VERSION = 5.0;
				TARGETED_DEVICE_FAMILY = "1,2";
				TEST_HOST = "$(BUILT_PRODUCTS_DIR)/IBMChallenge.app/IBMChallenge";
			};
			name = Release;
		};
/* End XCBuildConfiguration section */

/* Begin XCConfigurationList section */
		5F33E71624ACCEC0004C0508 /* Build configuration list for PBXProject "IBMChallenge" */ = {
			isa = XCConfigurationList;
			buildConfigurations = (
				5F33E73824ACCEC3004C0508 /* Debug */,
				5F33E73924ACCEC3004C0508 /* Release */,
			);
			defaultConfigurationIsVisible = 0;
			defaultConfigurationName = Release;
		};
		5F33E73A24ACCEC3004C0508 /* Build configuration list for PBXNativeTarget "IBMChallenge" */ = {
			isa = XCConfigurationList;
			buildConfigurations = (
				5F33E73B24ACCEC3004C0508 /* Debug */,
				5F33E73C24ACCEC3004C0508 /* Release */,
			);
			defaultConfigurationIsVisible = 0;
			defaultConfigurationName = Release;
		};
		5F33E73D24ACCEC3004C0508 /* Build configuration list for PBXNativeTarget "IBMChallengeTests" */ = {
			isa = XCConfigurationList;
			buildConfigurations = (
				5F33E73E24ACCEC3004C0508 /* Debug */,
				5F33E73F24ACCEC3004C0508 /* Release */,
			);
			defaultConfigurationIsVisible = 0;
			defaultConfigurationName = Release;
		};
/* End XCConfigurationList section */
	};
	rootObject = 5F33E71324ACCEC0004C0508 /* Project object */;
}
